
Microsoft Visual Studio Solution File, Format Version 12.00
# Visual Studio 15
Project("{FAE04EC0-301F-11D3-BF4B-00C04F79EFBC}") = "FjingFjongApi", "FjingFjongApi\FjingFjongApi.csproj", "{51BCB3E5-59B8-4A3D-B67F-C6ED73252548}"
EndProject
Global
	GlobalSection(SolutionConfigurationPlatforms) = preSolution
		Debug|Any CPU = Debug|Any CPU
		Release|Any CPU = Release|Any CPU
	EndGlobalSection
	GlobalSection(ProjectConfigurationPlatforms) = postSolution
		{51BCB3E5-59B8-4A3D-B67F-C6ED73252548}.Debug|Any CPU.ActiveCfg = Debug|Any CPU
		{51BCB3E5-59B8-4A3D-B67F-C6ED73252548}.Debug|Any CPU.Build.0 = Debug|Any CPU
		{51BCB3E5-59B8-4A3D-B67F-C6ED73252548}.Release|Any CPU.ActiveCfg = Release|Any CPU
		{51BCB3E5-59B8-4A3D-B67F-C6ED73252548}.Release|Any CPU.Build.0 = Release|Any CPU
	EndGlobalSection
EndGlobal
